
Microsoft Visual Studio Solution File, Format Version 12.00
# Visual Studio Version 17
VisualStudioVersion = 17.0.31903.59
MinimumVisualStudioVersion = 10.0.40219.1
Project("{FAE04EC0-301F-11D3-BF4B-00C04F79EFBC}") = "dz1", "dz1\dz1.csproj", "{A9D4F5A3-8B50-4E85-9E39-EAFF0F049FEE}"
EndProject
Global
	GlobalSection(SolutionConfigurationPlatforms) = preSolution
		Debug|Any CPU = Debug|Any CPU
		Release|Any CPU = Release|Any CPU
	EndGlobalSection
	GlobalSection(ProjectConfigurationPlatforms) = postSolution
		{A9D4F5A3-8B50-4E85-9E39-EAFF0F049FEE}.Debug|Any CPU.ActiveCfg = Debug|Any CPU
		{A9D4F5A3-8B50-4E85-9E39-EAFF0F049FEE}.Debug|Any CPU.Build.0 = Debug|Any CPU
		{A9D4F5A3-8B50-4E85-9E39-EAFF0F049FEE}.Release|Any CPU.ActiveCfg = Release|Any CPU
		{A9D4F5A3-8B50-4E85-9E39-EAFF0F049FEE}.Release|Any CPU.Build.0 = Release|Any CPU
	EndGlobalSection
	GlobalSection(SolutionProperties) = preSolution
		HideSolutionNode = FALSE
	EndGlobalSection
	GlobalSection(ExtensibilityGlobals) = postSolution
		SolutionGuid = {54116A9E-37D3-4DB2-8187-B61BF5E37234}
	EndGlobalSection
EndGlobal
